
Microsoft Visual Studio Solution File, Format Version 12.00
Project("{FAE04EC0-301F-11D3-BF4B-00C04F79EFBC}") = "SampleApp", "samples\SampleApp\SampleApp.csproj", "{8FB0A38F-D80A-45A1-9796-FD22FDB14064}"
EndProject
Project("{FAE04EC0-301F-11D3-BF4B-00C04F79EFBC}") = "MacOS.Avalonia.Theme", "src\MacOS.Avalonia.Theme\MacOS.Avalonia.Theme.csproj", "{052424E1-48F3-4D8E-A780-DEB4D33B4482}"
EndProject
Project("{2150E333-8FDC-42A3-9474-1A3956D46DE8}") = "src", "src", "{7756B42B-13EB-4DC9-BA61-11997466D93C}"
EndProject
Project("{2150E333-8FDC-42A3-9474-1A3956D46DE8}") = "samples", "samples", "{8D46D8D5-74CA-4EC1-ACA9-1AF9E5A92550}"
EndProject
Project("{FAE04EC0-301F-11D3-BF4B-00C04F79EFBC}") = "DevExpress.Avalonia.Theme", "src\DevExpress.Avalonia.Theme\DevExpress.Avalonia.Theme.csproj", "{DDDC64A4-451A-4496-841C-30C3C4BA62AE}"
EndProject
Global
	GlobalSection(SolutionConfigurationPlatforms) = preSolution
		Debug|Any CPU = Debug|Any CPU
		Release|Any CPU = Release|Any CPU
	EndGlobalSection
	GlobalSection(ProjectConfigurationPlatforms) = postSolution
		{8FB0A38F-D80A-45A1-9796-FD22FDB14064}.Debug|Any CPU.ActiveCfg = Debug|Any CPU
		{8FB0A38F-D80A-45A1-9796-FD22FDB14064}.Debug|Any CPU.Build.0 = Debug|Any CPU
		{8FB0A38F-D80A-45A1-9796-FD22FDB14064}.Release|Any CPU.ActiveCfg = Release|Any CPU
		{8FB0A38F-D80A-45A1-9796-FD22FDB14064}.Release|Any CPU.Build.0 = Release|Any CPU
		{052424E1-48F3-4D8E-A780-DEB4D33B4482}.Debug|Any CPU.ActiveCfg = Debug|Any CPU
		{052424E1-48F3-4D8E-A780-DEB4D33B4482}.Debug|Any CPU.Build.0 = Debug|Any CPU
		{052424E1-48F3-4D8E-A780-DEB4D33B4482}.Release|Any CPU.ActiveCfg = Release|Any CPU
		{052424E1-48F3-4D8E-A780-DEB4D33B4482}.Release|Any CPU.Build.0 = Release|Any CPU
		{DDDC64A4-451A-4496-841C-30C3C4BA62AE}.Debug|Any CPU.ActiveCfg = Debug|Any CPU
		{DDDC64A4-451A-4496-841C-30C3C4BA62AE}.Debug|Any CPU.Build.0 = Debug|Any CPU
		{DDDC64A4-451A-4496-841C-30C3C4BA62AE}.Release|Any CPU.ActiveCfg = Release|Any CPU
		{DDDC64A4-451A-4496-841C-30C3C4BA62AE}.Release|Any CPU.Build.0 = Release|Any CPU
	EndGlobalSection
	GlobalSection(NestedProjects) = preSolution
		{052424E1-48F3-4D8E-A780-DEB4D33B4482} = {7756B42B-13EB-4DC9-BA61-11997466D93C}
		{8FB0A38F-D80A-45A1-9796-FD22FDB14064} = {8D46D8D5-74CA-4EC1-ACA9-1AF9E5A92550}
		{DDDC64A4-451A-4496-841C-30C3C4BA62AE} = {7756B42B-13EB-4DC9-BA61-11997466D93C}
	EndGlobalSection
EndGlobal
